
Microsoft Visual Studio Solution File, Format Version 12.00
# Visual Studio Version 16
VisualStudioVersion = 16.0.29230.47
MinimumVisualStudioVersion = 10.0.40219.1
Project("{FAE04EC0-301F-11D3-BF4B-00C04F79EFBC}") = "Практика2.1", "Практика2\Практика2.1.csproj", "{445DB897-C606-40FC-B789-9E1766D18ED9}"
EndProject
Project("{FAE04EC0-301F-11D3-BF4B-00C04F79EFBC}") = "Практика2.2", "Практика2.2\Практика2.2.csproj", "{89DCFD04-FEAE-4AD8-A892-7E63E72F52CA}"
EndProject
Project("{FAE04EC0-301F-11D3-BF4B-00C04F79EFBC}") = "Практика2.3", "Практика2.3\Практика2.3.csproj", "{21EA0B10-D630-406D-A789-34CC3DF30A42}"
EndProject
Project("{FAE04EC0-301F-11D3-BF4B-00C04F79EFBC}") = "Практика_доп", "Практика_доп\Практика_доп.csproj", "{BCDA15E7-B407-4EB0-8099-8A8FA40503D7}"
EndProject
Project("{FAE04EC0-301F-11D3-BF4B-00C04F79EFBC}") = "Практика3", "Практика3.1\Практика3.csproj", "{A4671F79-315E-48B5-9F45-BE79C522243C}"
EndProject
Project("{FAE04EC0-301F-11D3-BF4B-00C04F79EFBC}") = "Программы для блок-схем", "Программы для блок-схем\Программы для блок-схем.csproj", "{A83FBD70-3CA6-49C2-93E6-D0D9293A41A1}"
EndProject
Project("{FAE04EC0-301F-11D3-BF4B-00C04F79EFBC}") = "Практика 4", "Практика 7\Практика 4.csproj", "{B505FFF8-1332-42A1-B333-F025622AEE28}"
EndProject
Project("{FAE04EC0-301F-11D3-BF4B-00C04F79EFBC}") = "Практика 5", "Практика 5\Практика 5.csproj", "{514D9819-C44E-4F22-9D3C-5F5F349FD6FE}"
EndProject
Project("{FAE04EC0-301F-11D3-BF4B-00C04F79EFBC}") = "Таблица", "Таблица\Таблица.csproj", "{DBE227F9-4583-4694-9438-EABC894F3BC7}"
EndProject
Project("{FAE04EC0-301F-11D3-BF4B-00C04F79EFBC}") = "Практика 6", "Практика 6\Практика 6.csproj", "{A8C9C46A-C0F3-498E-9F07-E3B90A4DFBC7}"
EndProject
Project("{FAE04EC0-301F-11D3-BF4B-00C04F79EFBC}") = "Olimp", "Olimp\Olimp.csproj", "{E18F53AF-BD06-49B9-A3BB-9FBF4A1164A6}"
EndProject
Project("{FAE04EC0-301F-11D3-BF4B-00C04F79EFBC}") = "Практика7", "Практика7\Практика7.csproj", "{38339FC0-3694-46E0-BD39-A77159DC589A}"
EndProject
Project("{FAE04EC0-301F-11D3-BF4B-00C04F79EFBC}") = "Практика 8", "Практика 8\Практика 8.csproj", "{8902305D-491C-4C58-8F6E-4D479F6A9A74}"
EndProject
Project("{FAE04EC0-301F-11D3-BF4B-00C04F79EFBC}") = "Практика 9", "Практика 9\Практика 9.csproj", "{9C740477-93BD-48DC-B902-49BDFD3A6DE7}"
EndProject
Global
	GlobalSection(SolutionConfigurationPlatforms) = preSolution
		Debug|Any CPU = Debug|Any CPU
		Release|Any CPU = Release|Any CPU
	EndGlobalSection
	GlobalSection(ProjectConfigurationPlatforms) = postSolution
		{445DB897-C606-40FC-B789-9E1766D18ED9}.Debug|Any CPU.ActiveCfg = Debug|Any CPU
		{445DB897-C606-40FC-B789-9E1766D18ED9}.Debug|Any CPU.Build.0 = Debug|Any CPU
		{445DB897-C606-40FC-B789-9E1766D18ED9}.Release|Any CPU.ActiveCfg = Release|Any CPU
		{445DB897-C606-40FC-B789-9E1766D18ED9}.Release|Any CPU.Build.0 = Release|Any CPU
		{89DCFD04-FEAE-4AD8-A892-7E63E72F52CA}.Debug|Any CPU.ActiveCfg = Debug|Any CPU
		{89DCFD04-FEAE-4AD8-A892-7E63E72F52CA}.Debug|Any CPU.Build.0 = Debug|Any CPU
		{89DCFD04-FEAE-4AD8-A892-7E63E72F52CA}.Release|Any CPU.ActiveCfg = Release|Any CPU
		{89DCFD04-FEAE-4AD8-A892-7E63E72F52CA}.Release|Any CPU.Build.0 = Release|Any CPU
		{21EA0B10-D630-406D-A789-34CC3DF30A42}.Debug|Any CPU.ActiveCfg = Debug|Any CPU
		{21EA0B10-D630-406D-A789-34CC3DF30A42}.Debug|Any CPU.Build.0 = Debug|Any CPU
		{21EA0B10-D630-406D-A789-34CC3DF30A42}.Release|Any CPU.ActiveCfg = Release|Any CPU
		{21EA0B10-D630-406D-A789-34CC3DF30A42}.Release|Any CPU.Build.0 = Release|Any CPU
		{BCDA15E7-B407-4EB0-8099-8A8FA40503D7}.Debug|Any CPU.ActiveCfg = Debug|Any CPU
		{BCDA15E7-B407-4EB0-8099-8A8FA40503D7}.Debug|Any CPU.Build.0 = Debug|Any CPU
		{BCDA15E7-B407-4EB0-8099-8A8FA40503D7}.Release|Any CPU.ActiveCfg = Release|Any CPU
		{BCDA15E7-B407-4EB0-8099-8A8FA40503D7}.Release|Any CPU.Build.0 = Release|Any CPU
		{A4671F79-315E-48B5-9F45-BE79C522243C}.Debug|Any CPU.ActiveCfg = Debug|Any CPU
		{A4671F79-315E-48B5-9F45-BE79C522243C}.Debug|Any CPU.Build.0 = Debug|Any CPU
		{A4671F79-315E-48B5-9F45-BE79C522243C}.Release|Any CPU.ActiveCfg = Release|Any CPU
		{A4671F79-315E-48B5-9F45-BE79C522243C}.Release|Any CPU.Build.0 = Release|Any CPU
		{A83FBD70-3CA6-49C2-93E6-D0D9293A41A1}.Debug|Any CPU.ActiveCfg = Debug|Any CPU
		{A83FBD70-3CA6-49C2-93E6-D0D9293A41A1}.Debug|Any CPU.Build.0 = Debug|Any CPU
		{A83FBD70-3CA6-49C2-93E6-D0D9293A41A1}.Release|Any CPU.ActiveCfg = Release|Any CPU
		{A83FBD70-3CA6-49C2-93E6-D0D9293A41A1}.Release|Any CPU.Build.0 = Release|Any CPU
		{B505FFF8-1332-42A1-B333-F025622AEE28}.Debug|Any CPU.ActiveCfg = Debug|Any CPU
		{B505FFF8-1332-42A1-B333-F025622AEE28}.Debug|Any CPU.Build.0 = Debug|Any CPU
		{B505FFF8-1332-42A1-B333-F025622AEE28}.Release|Any CPU.ActiveCfg = Release|Any CPU
		{B505FFF8-1332-42A1-B333-F025622AEE28}.Release|Any CPU.Build.0 = Release|Any CPU
		{514D9819-C44E-4F22-9D3C-5F5F349FD6FE}.Debug|Any CPU.ActiveCfg = Debug|Any CPU
		{514D9819-C44E-4F22-9D3C-5F5F349FD6FE}.Debug|Any CPU.Build.0 = Debug|Any CPU
		{514D9819-C44E-4F22-9D3C-5F5F349FD6FE}.Release|Any CPU.ActiveCfg = Release|Any CPU
		{514D9819-C44E-4F22-9D3C-5F5F349FD6FE}.Release|Any CPU.Build.0 = Release|Any CPU
		{DBE227F9-4583-4694-9438-EABC894F3BC7}.Debug|Any CPU.ActiveCfg = Debug|Any CPU
		{DBE227F9-4583-4694-9438-EABC894F3BC7}.Debug|Any CPU.Build.0 = Debug|Any CPU
		{DBE227F9-4583-4694-9438-EABC894F3BC7}.Release|Any CPU.ActiveCfg = Release|Any CPU
		{DBE227F9-4583-4694-9438-EABC894F3BC7}.Release|Any CPU.Build.0 = Release|Any CPU
		{A8C9C46A-C0F3-498E-9F07-E3B90A4DFBC7}.Debug|Any CPU.ActiveCfg = Debug|Any CPU
		{A8C9C46A-C0F3-498E-9F07-E3B90A4DFBC7}.Debug|Any CPU.Build.0 = Debug|Any CPU
		{A8C9C46A-C0F3-498E-9F07-E3B90A4DFBC7}.Release|Any CPU.ActiveCfg = Release|Any CPU
		{A8C9C46A-C0F3-498E-9F07-E3B90A4DFBC7}.Release|Any CPU.Build.0 = Release|Any CPU
		{E18F53AF-BD06-49B9-A3BB-9FBF4A1164A6}.Debug|Any CPU.ActiveCfg = Debug|Any CPU
		{E18F53AF-BD06-49B9-A3BB-9FBF4A1164A6}.Debug|Any CPU.Build.0 = Debug|Any CPU
		{E18F53AF-BD06-49B9-A3BB-9FBF4A1164A6}.Release|Any CPU.ActiveCfg = Release|Any CPU
		{E18F53AF-BD06-49B9-A3BB-9FBF4A1164A6}.Release|Any CPU.Build.0 = Release|Any CPU
		{38339FC0-3694-46E0-BD39-A77159DC589A}.Debug|Any CPU.ActiveCfg = Debug|Any CPU
		{38339FC0-3694-46E0-BD39-A77159DC589A}.Debug|Any CPU.Build.0 = Debug|Any CPU
		{38339FC0-3694-46E0-BD39-A77159DC589A}.Release|Any CPU.ActiveCfg = Release|Any CPU
		{38339FC0-3694-46E0-BD39-A77159DC589A}.Release|Any CPU.Build.0 = Release|Any CPU
		{8902305D-491C-4C58-8F6E-4D479F6A9A74}.Debug|Any CPU.ActiveCfg = Debug|Any CPU
		{8902305D-491C-4C58-8F6E-4D479F6A9A74}.Debug|Any CPU.Build.0 = Debug|Any CPU
		{8902305D-491C-4C58-8F6E-4D479F6A9A74}.Release|Any CPU.ActiveCfg = Release|Any CPU
		{8902305D-491C-4C58-8F6E-4D479F6A9A74}.Release|Any CPU.Build.0 = Release|Any CPU
		{9C740477-93BD-48DC-B902-49BDFD3A6DE7}.Debug|Any CPU.ActiveCfg = Debug|Any CPU
		{9C740477-93BD-48DC-B902-49BDFD3A6DE7}.Debug|Any CPU.Build.0 = Debug|Any CPU
		{9C740477-93BD-48DC-B902-49BDFD3A6DE7}.Release|Any CPU.ActiveCfg = Release|Any CPU
		{9C740477-93BD-48DC-B902-49BDFD3A6DE7}.Release|Any CPU.Build.0 = Release|Any CPU
	EndGlobalSection
	GlobalSection(SolutionProperties) = preSolution
		HideSolutionNode = FALSE
	EndGlobalSection
	GlobalSection(ExtensibilityGlobals) = postSolution
		SolutionGuid = {4FBC2D97-946A-4AC0-83C0-8CA940BECB59}
	EndGlobalSection
EndGlobal
