
Microsoft Visual Studio Solution File, Format Version 12.00
# Visual Studio Version 16
VisualStudioVersion = 16.0.29230.47
MinimumVisualStudioVersion = 10.0.40219.1
Project("{FAE04EC0-301F-11D3-BF4B-00C04F79EFBC}") = "Приветствие", "Приветствие\Приветствие.csproj", "{D792DBE1-689C-4E09-AD68-9E0D5F0098E6}"
EndProject
Global
	GlobalSection(SolutionConfigurationPlatforms) = preSolution
		Debug|Any CPU = Debug|Any CPU
		Release|Any CPU = Release|Any CPU
	EndGlobalSection
	GlobalSection(ProjectConfigurationPlatforms) = postSolution
		{D792DBE1-689C-4E09-AD68-9E0D5F0098E6}.Debug|Any CPU.ActiveCfg = Debug|Any CPU
		{D792DBE1-689C-4E09-AD68-9E0D5F0098E6}.Debug|Any CPU.Build.0 = Debug|Any CPU
		{D792DBE1-689C-4E09-AD68-9E0D5F0098E6}.Release|Any CPU.ActiveCfg = Release|Any CPU
		{D792DBE1-689C-4E09-AD68-9E0D5F0098E6}.Release|Any CPU.Build.0 = Release|Any CPU
	EndGlobalSection
	GlobalSection(SolutionProperties) = preSolution
		HideSolutionNode = FALSE
	EndGlobalSection
	GlobalSection(ExtensibilityGlobals) = postSolution
		SolutionGuid = {0961714B-498C-4F31-A129-CD5000976734}
	EndGlobalSection
EndGlobal
