
Microsoft Visual Studio Solution File, Format Version 12.00
# Visual Studio Version 16
VisualStudioVersion = 16.0.29306.81
MinimumVisualStudioVersion = 10.0.40219.1
Project("{FAE04EC0-301F-11D3-BF4B-00C04F79EFBC}") = "Фоновая 1.1", "Фоновые задачи\Фоновая 1.1.csproj", "{0696CEBF-398C-4319-82CB-D59381C98C4B}"
EndProject
Project("{FAE04EC0-301F-11D3-BF4B-00C04F79EFBC}") = "Фоновая 1.2", "Фоновая 1.2\Фоновая 1.2.csproj", "{CBA53C00-BC46-4859-9186-A6BDE9A8C910}"
EndProject
Project("{FAE04EC0-301F-11D3-BF4B-00C04F79EFBC}") = "Фоновая 2", "Фоновая 2\Фоновая 2.csproj", "{D32FF22A-9752-44CA-9399-0F69DC48295A}"
EndProject
Project("{FAE04EC0-301F-11D3-BF4B-00C04F79EFBC}") = "Проект Компьютерная сеть", "Проект Компьютерная сеть\Проект Компьютерная сеть.csproj", "{6EB0D4EC-D706-4A44-9F91-EABE75E71921}"
EndProject
Global
	GlobalSection(SolutionConfigurationPlatforms) = preSolution
		Debug|Any CPU = Debug|Any CPU
		Release|Any CPU = Release|Any CPU
	EndGlobalSection
	GlobalSection(ProjectConfigurationPlatforms) = postSolution
		{0696CEBF-398C-4319-82CB-D59381C98C4B}.Debug|Any CPU.ActiveCfg = Debug|Any CPU
		{0696CEBF-398C-4319-82CB-D59381C98C4B}.Debug|Any CPU.Build.0 = Debug|Any CPU
		{0696CEBF-398C-4319-82CB-D59381C98C4B}.Release|Any CPU.ActiveCfg = Release|Any CPU
		{0696CEBF-398C-4319-82CB-D59381C98C4B}.Release|Any CPU.Build.0 = Release|Any CPU
		{CBA53C00-BC46-4859-9186-A6BDE9A8C910}.Debug|Any CPU.ActiveCfg = Debug|Any CPU
		{CBA53C00-BC46-4859-9186-A6BDE9A8C910}.Debug|Any CPU.Build.0 = Debug|Any CPU
		{CBA53C00-BC46-4859-9186-A6BDE9A8C910}.Release|Any CPU.ActiveCfg = Release|Any CPU
		{CBA53C00-BC46-4859-9186-A6BDE9A8C910}.Release|Any CPU.Build.0 = Release|Any CPU
		{D32FF22A-9752-44CA-9399-0F69DC48295A}.Debug|Any CPU.ActiveCfg = Debug|Any CPU
		{D32FF22A-9752-44CA-9399-0F69DC48295A}.Debug|Any CPU.Build.0 = Debug|Any CPU
		{D32FF22A-9752-44CA-9399-0F69DC48295A}.Release|Any CPU.ActiveCfg = Release|Any CPU
		{D32FF22A-9752-44CA-9399-0F69DC48295A}.Release|Any CPU.Build.0 = Release|Any CPU
		{6EB0D4EC-D706-4A44-9F91-EABE75E71921}.Debug|Any CPU.ActiveCfg = Debug|Any CPU
		{6EB0D4EC-D706-4A44-9F91-EABE75E71921}.Debug|Any CPU.Build.0 = Debug|Any CPU
		{6EB0D4EC-D706-4A44-9F91-EABE75E71921}.Release|Any CPU.ActiveCfg = Release|Any CPU
		{6EB0D4EC-D706-4A44-9F91-EABE75E71921}.Release|Any CPU.Build.0 = Release|Any CPU
	EndGlobalSection
	GlobalSection(SolutionProperties) = preSolution
		HideSolutionNode = FALSE
	EndGlobalSection
	GlobalSection(ExtensibilityGlobals) = postSolution
		SolutionGuid = {289BD94A-B682-418C-8924-B06B2BFA3A2A}
	EndGlobalSection
EndGlobal
