
Microsoft Visual Studio Solution File, Format Version 12.00
# Visual Studio Version 16
VisualStudioVersion = 16.0.30002.166
MinimumVisualStudioVersion = 10.0.40219.1
Project("{FAE04EC0-301F-11D3-BF4B-00C04F79EFBC}") = "WinForms 2", "WinForms 2.csproj", "{42E4B821-355E-4796-AB61-5C13E814D292}"
EndProject
Global
	GlobalSection(SolutionConfigurationPlatforms) = preSolution
		Debug|Any CPU = Debug|Any CPU
		Release|Any CPU = Release|Any CPU
	EndGlobalSection
	GlobalSection(ProjectConfigurationPlatforms) = postSolution
		{42E4B821-355E-4796-AB61-5C13E814D292}.Debug|Any CPU.ActiveCfg = Debug|Any CPU
		{42E4B821-355E-4796-AB61-5C13E814D292}.Debug|Any CPU.Build.0 = Debug|Any CPU
		{42E4B821-355E-4796-AB61-5C13E814D292}.Release|Any CPU.ActiveCfg = Release|Any CPU
		{42E4B821-355E-4796-AB61-5C13E814D292}.Release|Any CPU.Build.0 = Release|Any CPU
	EndGlobalSection
	GlobalSection(SolutionProperties) = preSolution
		HideSolutionNode = FALSE
	EndGlobalSection
	GlobalSection(ExtensibilityGlobals) = postSolution
		SolutionGuid = {001D7E40-4893-4689-B388-1D6311CC5F82}
	EndGlobalSection
EndGlobal
