
Microsoft Visual Studio Solution File, Format Version 12.00
# Visual Studio Version 16
VisualStudioVersion = 16.0.30104.148
MinimumVisualStudioVersion = 10.0.40219.1
Project("{FAE04EC0-301F-11D3-BF4B-00C04F79EFBC}") = "Лекция19.05", "Лекция19.05.csproj", "{A7904257-A36D-4EE9-A763-7DEEF45948D6}"
EndProject
Global
	GlobalSection(SolutionConfigurationPlatforms) = preSolution
		Debug|Any CPU = Debug|Any CPU
		Release|Any CPU = Release|Any CPU
	EndGlobalSection
	GlobalSection(ProjectConfigurationPlatforms) = postSolution
		{A7904257-A36D-4EE9-A763-7DEEF45948D6}.Debug|Any CPU.ActiveCfg = Debug|Any CPU
		{A7904257-A36D-4EE9-A763-7DEEF45948D6}.Debug|Any CPU.Build.0 = Debug|Any CPU
		{A7904257-A36D-4EE9-A763-7DEEF45948D6}.Release|Any CPU.ActiveCfg = Release|Any CPU
		{A7904257-A36D-4EE9-A763-7DEEF45948D6}.Release|Any CPU.Build.0 = Release|Any CPU
	EndGlobalSection
	GlobalSection(SolutionProperties) = preSolution
		HideSolutionNode = FALSE
	EndGlobalSection
	GlobalSection(ExtensibilityGlobals) = postSolution
		SolutionGuid = {C23C9CD9-7CA9-4022-9F4A-DFEA7570F513}
	EndGlobalSection
EndGlobal
